
Microsoft Visual Studio Solution File, Format Version 12.00
# Visual Studio 15
VisualStudioVersion = 15.0.28307.1259
MinimumVisualStudioVersion = 10.0.40219.1
Project("{FAE04EC0-301F-11D3-BF4B-00C04F79EFBC}") = "3342-Term-Project", "3342-Term-Project\3342-Term-Project.csproj", "{B21274A7-B91A-48D1-9461-78866EE6A476}"
EndProject
Project("{FAE04EC0-301F-11D3-BF4B-00C04F79EFBC}") = "WebAPI", "WebAPI\WebAPI.csproj", "{A7F71D1C-9C2A-49DC-927F-5184D2E7FEA2}"
EndProject
Project("{FAE04EC0-301F-11D3-BF4B-00C04F79EFBC}") = "Utilities", "Utilities\Utilities.csproj", "{C02589EC-95D3-44A1-97A0-971A4E520EE0}"
EndProject
Project("{FAE04EC0-301F-11D3-BF4B-00C04F79EFBC}") = "ClassLibrary", "ClassLibrary\ClassLibrary.csproj", "{8EA04C6B-2E18-4068-A1F5-6C56CFB5A86C}"
EndProject
Global
	GlobalSection(SolutionConfigurationPlatforms) = preSolution
		Debug|Any CPU = Debug|Any CPU
		Release|Any CPU = Release|Any CPU
	EndGlobalSection
	GlobalSection(ProjectConfigurationPlatforms) = postSolution
		{B21274A7-B91A-48D1-9461-78866EE6A476}.Debug|Any CPU.ActiveCfg = Debug|Any CPU
		{B21274A7-B91A-48D1-9461-78866EE6A476}.Debug|Any CPU.Build.0 = Debug|Any CPU
		{B21274A7-B91A-48D1-9461-78866EE6A476}.Release|Any CPU.ActiveCfg = Release|Any CPU
		{B21274A7-B91A-48D1-9461-78866EE6A476}.Release|Any CPU.Build.0 = Release|Any CPU
		{A7F71D1C-9C2A-49DC-927F-5184D2E7FEA2}.Debug|Any CPU.ActiveCfg = Debug|Any CPU
		{A7F71D1C-9C2A-49DC-927F-5184D2E7FEA2}.Debug|Any CPU.Build.0 = Debug|Any CPU
		{A7F71D1C-9C2A-49DC-927F-5184D2E7FEA2}.Release|Any CPU.ActiveCfg = Release|Any CPU
		{A7F71D1C-9C2A-49DC-927F-5184D2E7FEA2}.Release|Any CPU.Build.0 = Release|Any CPU
		{C02589EC-95D3-44A1-97A0-971A4E520EE0}.Debug|Any CPU.ActiveCfg = Debug|Any CPU
		{C02589EC-95D3-44A1-97A0-971A4E520EE0}.Debug|Any CPU.Build.0 = Debug|Any CPU
		{C02589EC-95D3-44A1-97A0-971A4E520EE0}.Release|Any CPU.ActiveCfg = Release|Any CPU
		{C02589EC-95D3-44A1-97A0-971A4E520EE0}.Release|Any CPU.Build.0 = Release|Any CPU
		{8EA04C6B-2E18-4068-A1F5-6C56CFB5A86C}.Debug|Any CPU.ActiveCfg = Debug|Any CPU
		{8EA04C6B-2E18-4068-A1F5-6C56CFB5A86C}.Debug|Any CPU.Build.0 = Debug|Any CPU
		{8EA04C6B-2E18-4068-A1F5-6C56CFB5A86C}.Release|Any CPU.ActiveCfg = Release|Any CPU
		{8EA04C6B-2E18-4068-A1F5-6C56CFB5A86C}.Release|Any CPU.Build.0 = Release|Any CPU
	EndGlobalSection
	GlobalSection(SolutionProperties) = preSolution
		HideSolutionNode = FALSE
	EndGlobalSection
	GlobalSection(ExtensibilityGlobals) = postSolution
		SolutionGuid = {826EFC2E-8374-4424-A9BD-CC47BC860C50}
	EndGlobalSection
EndGlobal
